
Microsoft Visual Studio Solution File, Format Version 12.00
# Visual Studio Version 17
VisualStudioVersion = 17.7.34202.233
MinimumVisualStudioVersion = 10.0.40219.1
Project("{2150E333-8FDC-42A3-9474-1A3956D46DE8}") = "1.Quickstart", "1.Quickstart", "{56EE9BD5-5D53-4A73-9910-A73473DED818}"
EndProject
Project("{9A19103F-16F7-4668-BE54-9A1E7A4F7556}") = "EasyNetqQuickstartSender", "EasyNetqQuickstartSender\EasyNetqQuickstartSender.csproj", "{ACCC4E17-367A-42FE-80F0-E6A31BCB42DE}"
EndProject
Project("{9A19103F-16F7-4668-BE54-9A1E7A4F7556}") = "EasyNetqMessages", "EasyNetqMessages\EasyNetqMessages.csproj", "{3C2BBFC4-2A0B-4066-B870-6FAFDA2B5489}"
EndProject
Project("{9A19103F-16F7-4668-BE54-9A1E7A4F7556}") = "EasyNetqQuickstartSubscriber", "EasyNetqQuickstartSubscriber\EasyNetqQuickstartSubscriber.csproj", "{39DBA888-80DB-466D-A291-3E901EC23B74}"
EndProject
Project("{2150E333-8FDC-42A3-9474-1A3956D46DE8}") = "2.Publish and subscribe", "2.Publish and subscribe", "{8EA36692-D08E-44FA-84BF-17A4243449BE}"
EndProject
Project("{2150E333-8FDC-42A3-9474-1A3956D46DE8}") = "2.1.Simple publish and subscribe", "2.1.Simple publish and subscribe", "{F0A42E19-1103-45D6-AE7A-8E9480D10417}"
EndProject
Project("{9A19103F-16F7-4668-BE54-9A1E7A4F7556}") = "Publisher", "Publisher\Publisher.csproj", "{9800A6DF-39AB-4E98-8AD0-BE3F9AB91C03}"
EndProject
Project("{9A19103F-16F7-4668-BE54-9A1E7A4F7556}") = "Subscriber", "Subscriber\Subscriber.csproj", "{A220F0B3-73A7-4E6E-BF15-FCF1DF3C2A0B}"
EndProject
Project("{9A19103F-16F7-4668-BE54-9A1E7A4F7556}") = "SubscriberAsync", "SubscriberAsync\SubscriberAsync.csproj", "{FF5B22A7-EC58-46AD-9EDA-C348B99FAB76}"
EndProject
Project("{2150E333-8FDC-42A3-9474-1A3956D46DE8}") = "3.2.Publisher confirmation", "3.2.Publisher confirmation", "{956F32C8-D61E-4BCD-832F-2ADD619CC974}"
EndProject
Project("{9A19103F-16F7-4668-BE54-9A1E7A4F7556}") = "PublishWithConfirm", "PublishWithConfirm\PublishWithConfirm.csproj", "{226169BD-E19B-41FC-BD09-99CC3C618258}"
EndProject
Project("{2150E333-8FDC-42A3-9474-1A3956D46DE8}") = "3.3.Polymorphic publish and subscribe", "3.3.Polymorphic publish and subscribe", "{16FCFA83-6B2E-4B91-A0D5-DE78B438183F}"
EndProject
Project("{9A19103F-16F7-4668-BE54-9A1E7A4F7556}") = "PolymorphicSubscribe", "PolymorphicSubscribe\PolymorphicSubscribe.csproj", "{A9C33CCC-7617-4517-B783-2AE1369F2482}"
EndProject
Project("{9A19103F-16F7-4668-BE54-9A1E7A4F7556}") = "PolymorphicPublish", "PolymorphicPublish\PolymorphicPublish.csproj", "{A2D69601-2131-4ECB-A791-1D148F429DBE}"
EndProject
Project("{2150E333-8FDC-42A3-9474-1A3956D46DE8}") = "3.4.Controlling queue and exchange names", "3.4.Controlling queue and exchange names", "{FBBD80CE-F06D-454C-BB4E-00177DE61D4D}"
EndProject
Project("{9A19103F-16F7-4668-BE54-9A1E7A4F7556}") = "NamedQueuePublisher", "NamedQueuePublisher\NamedQueuePublisher.csproj", "{8BED9F26-8E19-4CFC-8148-A3723C1B9543}"
EndProject
Project("{9A19103F-16F7-4668-BE54-9A1E7A4F7556}") = "NamedQueueSubscriber", "NamedQueueSubscriber\NamedQueueSubscriber.csproj", "{0EC4BDEA-D72C-4D43-AA07-F4F81D178946}"
EndProject
Project("{2150E333-8FDC-42A3-9474-1A3956D46DE8}") = "3.Request and responses", "3.Request and responses", "{DEA3ABC0-50F9-4A4F-9169-DB6B9A661FCC}"
EndProject
Project("{9A19103F-16F7-4668-BE54-9A1E7A4F7556}") = "Request", "Request\Request.csproj", "{7C0BCC8C-A9CD-49FA-98E0-13FC94918C37}"
EndProject
Project("{9A19103F-16F7-4668-BE54-9A1E7A4F7556}") = "Response", "Response\Response.csproj", "{2C0D05C8-56AB-4C5B-8FB4-FA543B4A7908}"
EndProject
Project("{9A19103F-16F7-4668-BE54-9A1E7A4F7556}") = "RequestAsync", "RequestAsync\RequestAsync.csproj", "{41724C06-EE0F-4A8E-B8D7-49BFFD97571A}"
EndProject
Project("{9A19103F-16F7-4668-BE54-9A1E7A4F7556}") = "ResponseAsync", "ResponseAsync\ResponseAsync.csproj", "{AFD32C26-57DF-43C0-BD8B-5066FD18B719}"
EndProject
Project("{2150E333-8FDC-42A3-9474-1A3956D46DE8}") = "4.Send and receive", "4.Send and receive", "{AD8273DE-AB49-4095-8227-3060DCBE821D}"
EndProject
Project("{9A19103F-16F7-4668-BE54-9A1E7A4F7556}") = "Send", "Send\Send.csproj", "{90153D3E-1AA9-41A6-8CC1-457A4EA9C433}"
EndProject
Project("{9A19103F-16F7-4668-BE54-9A1E7A4F7556}") = "Receive", "Receive\Receive.csproj", "{5E26790F-56C7-440C-A15F-5D42C3D21B2D}"
EndProject
Project("{9A19103F-16F7-4668-BE54-9A1E7A4F7556}") = "ReceiveMultiple", "ReceiveMultiple\ReceiveMultiple.csproj", "{F7F48E0A-665C-4A71-A10A-C0A537F3F649}"
EndProject
Project("{2150E333-8FDC-42A3-9474-1A3956D46DE8}") = "5.Topic based routing", "5.Topic based routing", "{E88AF500-7C22-4F4A-A498-D8EE099CDFAB}"
EndProject
Project("{9A19103F-16F7-4668-BE54-9A1E7A4F7556}") = "TopicPublisher", "TopicPublisher\TopicPublisher.csproj", "{6B6E47B9-66B4-487C-A6C8-319BC79719FB}"
EndProject
Project("{9A19103F-16F7-4668-BE54-9A1E7A4F7556}") = "CardPaymentTopicSubscriber", "CardPaymentTopicSubscriber\CardPaymentTopicSubscriber.csproj", "{D0C5B365-82A2-4FA9-8CE1-64AD37C50DCE}"
EndProject
Project("{9A19103F-16F7-4668-BE54-9A1E7A4F7556}") = "PurchaseOrderTopicSubscriber", "PurchaseOrderTopicSubscriber\PurchaseOrderTopicSubscriber.csproj", "{8030D7F8-88FB-4EE5-BFC0-E85EF125F3F7}"
EndProject
Project("{9A19103F-16F7-4668-BE54-9A1E7A4F7556}") = "AccountsTopicSubscriber", "AccountsTopicSubscriber\AccountsTopicSubscriber.csproj", "{562F6436-EA37-4A8E-92BC-199DA5E2C92E}"
EndProject
Global
	GlobalSection(SolutionConfigurationPlatforms) = preSolution
		Debug|Any CPU = Debug|Any CPU
		Release|Any CPU = Release|Any CPU
	EndGlobalSection
	GlobalSection(ProjectConfigurationPlatforms) = postSolution
		{ACCC4E17-367A-42FE-80F0-E6A31BCB42DE}.Debug|Any CPU.ActiveCfg = Debug|Any CPU
		{ACCC4E17-367A-42FE-80F0-E6A31BCB42DE}.Debug|Any CPU.Build.0 = Debug|Any CPU
		{ACCC4E17-367A-42FE-80F0-E6A31BCB42DE}.Release|Any CPU.ActiveCfg = Release|Any CPU
		{ACCC4E17-367A-42FE-80F0-E6A31BCB42DE}.Release|Any CPU.Build.0 = Release|Any CPU
		{3C2BBFC4-2A0B-4066-B870-6FAFDA2B5489}.Debug|Any CPU.ActiveCfg = Debug|Any CPU
		{3C2BBFC4-2A0B-4066-B870-6FAFDA2B5489}.Debug|Any CPU.Build.0 = Debug|Any CPU
		{3C2BBFC4-2A0B-4066-B870-6FAFDA2B5489}.Release|Any CPU.ActiveCfg = Release|Any CPU
		{3C2BBFC4-2A0B-4066-B870-6FAFDA2B5489}.Release|Any CPU.Build.0 = Release|Any CPU
		{39DBA888-80DB-466D-A291-3E901EC23B74}.Debug|Any CPU.ActiveCfg = Debug|Any CPU
		{39DBA888-80DB-466D-A291-3E901EC23B74}.Debug|Any CPU.Build.0 = Debug|Any CPU
		{39DBA888-80DB-466D-A291-3E901EC23B74}.Release|Any CPU.ActiveCfg = Release|Any CPU
		{39DBA888-80DB-466D-A291-3E901EC23B74}.Release|Any CPU.Build.0 = Release|Any CPU
		{9800A6DF-39AB-4E98-8AD0-BE3F9AB91C03}.Debug|Any CPU.ActiveCfg = Debug|Any CPU
		{9800A6DF-39AB-4E98-8AD0-BE3F9AB91C03}.Debug|Any CPU.Build.0 = Debug|Any CPU
		{9800A6DF-39AB-4E98-8AD0-BE3F9AB91C03}.Release|Any CPU.ActiveCfg = Release|Any CPU
		{9800A6DF-39AB-4E98-8AD0-BE3F9AB91C03}.Release|Any CPU.Build.0 = Release|Any CPU
		{A220F0B3-73A7-4E6E-BF15-FCF1DF3C2A0B}.Debug|Any CPU.ActiveCfg = Debug|Any CPU
		{A220F0B3-73A7-4E6E-BF15-FCF1DF3C2A0B}.Debug|Any CPU.Build.0 = Debug|Any CPU
		{A220F0B3-73A7-4E6E-BF15-FCF1DF3C2A0B}.Release|Any CPU.ActiveCfg = Release|Any CPU
		{A220F0B3-73A7-4E6E-BF15-FCF1DF3C2A0B}.Release|Any CPU.Build.0 = Release|Any CPU
		{FF5B22A7-EC58-46AD-9EDA-C348B99FAB76}.Debug|Any CPU.ActiveCfg = Debug|Any CPU
		{FF5B22A7-EC58-46AD-9EDA-C348B99FAB76}.Debug|Any CPU.Build.0 = Debug|Any CPU
		{FF5B22A7-EC58-46AD-9EDA-C348B99FAB76}.Release|Any CPU.ActiveCfg = Release|Any CPU
		{FF5B22A7-EC58-46AD-9EDA-C348B99FAB76}.Release|Any CPU.Build.0 = Release|Any CPU
		{226169BD-E19B-41FC-BD09-99CC3C618258}.Debug|Any CPU.ActiveCfg = Debug|Any CPU
		{226169BD-E19B-41FC-BD09-99CC3C618258}.Debug|Any CPU.Build.0 = Debug|Any CPU
		{226169BD-E19B-41FC-BD09-99CC3C618258}.Release|Any CPU.ActiveCfg = Release|Any CPU
		{226169BD-E19B-41FC-BD09-99CC3C618258}.Release|Any CPU.Build.0 = Release|Any CPU
		{A9C33CCC-7617-4517-B783-2AE1369F2482}.Debug|Any CPU.ActiveCfg = Debug|Any CPU
		{A9C33CCC-7617-4517-B783-2AE1369F2482}.Debug|Any CPU.Build.0 = Debug|Any CPU
		{A9C33CCC-7617-4517-B783-2AE1369F2482}.Release|Any CPU.ActiveCfg = Release|Any CPU
		{A9C33CCC-7617-4517-B783-2AE1369F2482}.Release|Any CPU.Build.0 = Release|Any CPU
		{A2D69601-2131-4ECB-A791-1D148F429DBE}.Debug|Any CPU.ActiveCfg = Debug|Any CPU
		{A2D69601-2131-4ECB-A791-1D148F429DBE}.Debug|Any CPU.Build.0 = Debug|Any CPU
		{A2D69601-2131-4ECB-A791-1D148F429DBE}.Release|Any CPU.ActiveCfg = Release|Any CPU
		{A2D69601-2131-4ECB-A791-1D148F429DBE}.Release|Any CPU.Build.0 = Release|Any CPU
		{8BED9F26-8E19-4CFC-8148-A3723C1B9543}.Debug|Any CPU.ActiveCfg = Debug|Any CPU
		{8BED9F26-8E19-4CFC-8148-A3723C1B9543}.Debug|Any CPU.Build.0 = Debug|Any CPU
		{8BED9F26-8E19-4CFC-8148-A3723C1B9543}.Release|Any CPU.ActiveCfg = Release|Any CPU
		{8BED9F26-8E19-4CFC-8148-A3723C1B9543}.Release|Any CPU.Build.0 = Release|Any CPU
		{0EC4BDEA-D72C-4D43-AA07-F4F81D178946}.Debug|Any CPU.ActiveCfg = Debug|Any CPU
		{0EC4BDEA-D72C-4D43-AA07-F4F81D178946}.Debug|Any CPU.Build.0 = Debug|Any CPU
		{0EC4BDEA-D72C-4D43-AA07-F4F81D178946}.Release|Any CPU.ActiveCfg = Release|Any CPU
		{0EC4BDEA-D72C-4D43-AA07-F4F81D178946}.Release|Any CPU.Build.0 = Release|Any CPU
		{7C0BCC8C-A9CD-49FA-98E0-13FC94918C37}.Debug|Any CPU.ActiveCfg = Debug|Any CPU
		{7C0BCC8C-A9CD-49FA-98E0-13FC94918C37}.Debug|Any CPU.Build.0 = Debug|Any CPU
		{7C0BCC8C-A9CD-49FA-98E0-13FC94918C37}.Release|Any CPU.ActiveCfg = Release|Any CPU
		{7C0BCC8C-A9CD-49FA-98E0-13FC94918C37}.Release|Any CPU.Build.0 = Release|Any CPU
		{2C0D05C8-56AB-4C5B-8FB4-FA543B4A7908}.Debug|Any CPU.ActiveCfg = Debug|Any CPU
		{2C0D05C8-56AB-4C5B-8FB4-FA543B4A7908}.Debug|Any CPU.Build.0 = Debug|Any CPU
		{2C0D05C8-56AB-4C5B-8FB4-FA543B4A7908}.Release|Any CPU.ActiveCfg = Release|Any CPU
		{2C0D05C8-56AB-4C5B-8FB4-FA543B4A7908}.Release|Any CPU.Build.0 = Release|Any CPU
		{41724C06-EE0F-4A8E-B8D7-49BFFD97571A}.Debug|Any CPU.ActiveCfg = Debug|Any CPU
		{41724C06-EE0F-4A8E-B8D7-49BFFD97571A}.Debug|Any CPU.Build.0 = Debug|Any CPU
		{41724C06-EE0F-4A8E-B8D7-49BFFD97571A}.Release|Any CPU.ActiveCfg = Release|Any CPU
		{41724C06-EE0F-4A8E-B8D7-49BFFD97571A}.Release|Any CPU.Build.0 = Release|Any CPU
		{AFD32C26-57DF-43C0-BD8B-5066FD18B719}.Debug|Any CPU.ActiveCfg = Debug|Any CPU
		{AFD32C26-57DF-43C0-BD8B-5066FD18B719}.Debug|Any CPU.Build.0 = Debug|Any CPU
		{AFD32C26-57DF-43C0-BD8B-5066FD18B719}.Release|Any CPU.ActiveCfg = Release|Any CPU
		{AFD32C26-57DF-43C0-BD8B-5066FD18B719}.Release|Any CPU.Build.0 = Release|Any CPU
		{90153D3E-1AA9-41A6-8CC1-457A4EA9C433}.Debug|Any CPU.ActiveCfg = Debug|Any CPU
		{90153D3E-1AA9-41A6-8CC1-457A4EA9C433}.Debug|Any CPU.Build.0 = Debug|Any CPU
		{90153D3E-1AA9-41A6-8CC1-457A4EA9C433}.Release|Any CPU.ActiveCfg = Release|Any CPU
		{90153D3E-1AA9-41A6-8CC1-457A4EA9C433}.Release|Any CPU.Build.0 = Release|Any CPU
		{5E26790F-56C7-440C-A15F-5D42C3D21B2D}.Debug|Any CPU.ActiveCfg = Debug|Any CPU
		{5E26790F-56C7-440C-A15F-5D42C3D21B2D}.Debug|Any CPU.Build.0 = Debug|Any CPU
		{5E26790F-56C7-440C-A15F-5D42C3D21B2D}.Release|Any CPU.ActiveCfg = Release|Any CPU
		{5E26790F-56C7-440C-A15F-5D42C3D21B2D}.Release|Any CPU.Build.0 = Release|Any CPU
		{F7F48E0A-665C-4A71-A10A-C0A537F3F649}.Debug|Any CPU.ActiveCfg = Debug|Any CPU
		{F7F48E0A-665C-4A71-A10A-C0A537F3F649}.Debug|Any CPU.Build.0 = Debug|Any CPU
		{F7F48E0A-665C-4A71-A10A-C0A537F3F649}.Release|Any CPU.ActiveCfg = Release|Any CPU
		{F7F48E0A-665C-4A71-A10A-C0A537F3F649}.Release|Any CPU.Build.0 = Release|Any CPU
		{6B6E47B9-66B4-487C-A6C8-319BC79719FB}.Debug|Any CPU.ActiveCfg = Debug|Any CPU
		{6B6E47B9-66B4-487C-A6C8-319BC79719FB}.Debug|Any CPU.Build.0 = Debug|Any CPU
		{6B6E47B9-66B4-487C-A6C8-319BC79719FB}.Release|Any CPU.ActiveCfg = Release|Any CPU
		{6B6E47B9-66B4-487C-A6C8-319BC79719FB}.Release|Any CPU.Build.0 = Release|Any CPU
		{D0C5B365-82A2-4FA9-8CE1-64AD37C50DCE}.Debug|Any CPU.ActiveCfg = Debug|Any CPU
		{D0C5B365-82A2-4FA9-8CE1-64AD37C50DCE}.Debug|Any CPU.Build.0 = Debug|Any CPU
		{D0C5B365-82A2-4FA9-8CE1-64AD37C50DCE}.Release|Any CPU.ActiveCfg = Release|Any CPU
		{D0C5B365-82A2-4FA9-8CE1-64AD37C50DCE}.Release|Any CPU.Build.0 = Release|Any CPU
		{8030D7F8-88FB-4EE5-BFC0-E85EF125F3F7}.Debug|Any CPU.ActiveCfg = Debug|Any CPU
		{8030D7F8-88FB-4EE5-BFC0-E85EF125F3F7}.Debug|Any CPU.Build.0 = Debug|Any CPU
		{8030D7F8-88FB-4EE5-BFC0-E85EF125F3F7}.Release|Any CPU.ActiveCfg = Release|Any CPU
		{8030D7F8-88FB-4EE5-BFC0-E85EF125F3F7}.Release|Any CPU.Build.0 = Release|Any CPU
		{562F6436-EA37-4A8E-92BC-199DA5E2C92E}.Debug|Any CPU.ActiveCfg = Debug|Any CPU
		{562F6436-EA37-4A8E-92BC-199DA5E2C92E}.Debug|Any CPU.Build.0 = Debug|Any CPU
		{562F6436-EA37-4A8E-92BC-199DA5E2C92E}.Release|Any CPU.ActiveCfg = Release|Any CPU
		{562F6436-EA37-4A8E-92BC-199DA5E2C92E}.Release|Any CPU.Build.0 = Release|Any CPU
	EndGlobalSection
	GlobalSection(SolutionProperties) = preSolution
		HideSolutionNode = FALSE
	EndGlobalSection
	GlobalSection(NestedProjects) = preSolution
		{ACCC4E17-367A-42FE-80F0-E6A31BCB42DE} = {56EE9BD5-5D53-4A73-9910-A73473DED818}
		{39DBA888-80DB-466D-A291-3E901EC23B74} = {56EE9BD5-5D53-4A73-9910-A73473DED818}
		{F0A42E19-1103-45D6-AE7A-8E9480D10417} = {8EA36692-D08E-44FA-84BF-17A4243449BE}
		{9800A6DF-39AB-4E98-8AD0-BE3F9AB91C03} = {F0A42E19-1103-45D6-AE7A-8E9480D10417}
		{A220F0B3-73A7-4E6E-BF15-FCF1DF3C2A0B} = {F0A42E19-1103-45D6-AE7A-8E9480D10417}
		{FF5B22A7-EC58-46AD-9EDA-C348B99FAB76} = {F0A42E19-1103-45D6-AE7A-8E9480D10417}
		{956F32C8-D61E-4BCD-832F-2ADD619CC974} = {8EA36692-D08E-44FA-84BF-17A4243449BE}
		{226169BD-E19B-41FC-BD09-99CC3C618258} = {956F32C8-D61E-4BCD-832F-2ADD619CC974}
		{16FCFA83-6B2E-4B91-A0D5-DE78B438183F} = {8EA36692-D08E-44FA-84BF-17A4243449BE}
		{A9C33CCC-7617-4517-B783-2AE1369F2482} = {16FCFA83-6B2E-4B91-A0D5-DE78B438183F}
		{A2D69601-2131-4ECB-A791-1D148F429DBE} = {16FCFA83-6B2E-4B91-A0D5-DE78B438183F}
		{FBBD80CE-F06D-454C-BB4E-00177DE61D4D} = {8EA36692-D08E-44FA-84BF-17A4243449BE}
		{8BED9F26-8E19-4CFC-8148-A3723C1B9543} = {FBBD80CE-F06D-454C-BB4E-00177DE61D4D}
		{0EC4BDEA-D72C-4D43-AA07-F4F81D178946} = {FBBD80CE-F06D-454C-BB4E-00177DE61D4D}
		{7C0BCC8C-A9CD-49FA-98E0-13FC94918C37} = {DEA3ABC0-50F9-4A4F-9169-DB6B9A661FCC}
		{2C0D05C8-56AB-4C5B-8FB4-FA543B4A7908} = {DEA3ABC0-50F9-4A4F-9169-DB6B9A661FCC}
		{41724C06-EE0F-4A8E-B8D7-49BFFD97571A} = {DEA3ABC0-50F9-4A4F-9169-DB6B9A661FCC}
		{AFD32C26-57DF-43C0-BD8B-5066FD18B719} = {DEA3ABC0-50F9-4A4F-9169-DB6B9A661FCC}
		{90153D3E-1AA9-41A6-8CC1-457A4EA9C433} = {AD8273DE-AB49-4095-8227-3060DCBE821D}
		{5E26790F-56C7-440C-A15F-5D42C3D21B2D} = {AD8273DE-AB49-4095-8227-3060DCBE821D}
		{F7F48E0A-665C-4A71-A10A-C0A537F3F649} = {AD8273DE-AB49-4095-8227-3060DCBE821D}
		{6B6E47B9-66B4-487C-A6C8-319BC79719FB} = {E88AF500-7C22-4F4A-A498-D8EE099CDFAB}
		{D0C5B365-82A2-4FA9-8CE1-64AD37C50DCE} = {E88AF500-7C22-4F4A-A498-D8EE099CDFAB}
		{8030D7F8-88FB-4EE5-BFC0-E85EF125F3F7} = {E88AF500-7C22-4F4A-A498-D8EE099CDFAB}
		{562F6436-EA37-4A8E-92BC-199DA5E2C92E} = {E88AF500-7C22-4F4A-A498-D8EE099CDFAB}
	EndGlobalSection
	GlobalSection(ExtensibilityGlobals) = postSolution
		SolutionGuid = {3899A99B-3B31-4086-9534-54B86B2227F5}
	EndGlobalSection
EndGlobal
